
Microsoft Visual Studio Solution File, Format Version 12.00
# Visual Studio Version 17
VisualStudioVersion = 17.0.31919.166
MinimumVisualStudioVersion = 10.0.40219.1
Project("{FAE04EC0-301F-11D3-BF4B-00C04F79EFBC}") = "görsel3final", "görsel3vize\görsel3final.csproj", "{99E14441-DD39-4AEE-BC36-A219645ECC75}"
EndProject
Global
	GlobalSection(SolutionConfigurationPlatforms) = preSolution
		Debug|Any CPU = Debug|Any CPU
		Release|Any CPU = Release|Any CPU
	EndGlobalSection
	GlobalSection(ProjectConfigurationPlatforms) = postSolution
		{99E14441-DD39-4AEE-BC36-A219645ECC75}.Debug|Any CPU.ActiveCfg = Debug|Any CPU
		{99E14441-DD39-4AEE-BC36-A219645ECC75}.Debug|Any CPU.Build.0 = Debug|Any CPU
		{99E14441-DD39-4AEE-BC36-A219645ECC75}.Release|Any CPU.ActiveCfg = Release|Any CPU
		{99E14441-DD39-4AEE-BC36-A219645ECC75}.Release|Any CPU.Build.0 = Release|Any CPU
	EndGlobalSection
	GlobalSection(SolutionProperties) = preSolution
		HideSolutionNode = FALSE
	EndGlobalSection
	GlobalSection(ExtensibilityGlobals) = postSolution
		SolutionGuid = {3F82FC8B-FF70-40D3-B8FD-12BA5A569A7B}
	EndGlobalSection
EndGlobal
